
Microsoft Visual Studio Solution File, Format Version 12.00
# Visual Studio Version 16
VisualStudioVersion = 16.0.30907.101
MinimumVisualStudioVersion = 10.0.40219.1
Project("{FAE04EC0-301F-11D3-BF4B-00C04F79EFBC}") = "Unity.Template.RenderStreaming.Runtime", "Unity.Template.RenderStreaming.Runtime.csproj", "{812A704F-B0B3-F5F9-4C49-6340905241CF}"
EndProject
Project("{FAE04EC0-301F-11D3-BF4B-00C04F79EFBC}") = "Assembly-CSharp", "Assembly-CSharp.csproj", "{08DF4C9B-ABBA-0D63-C8D6-A6DC63A45EB3}"
EndProject
Project("{FAE04EC0-301F-11D3-BF4B-00C04F79EFBC}") = "Assembly-CSharp-firstpass", "Assembly-CSharp-firstpass.csproj", "{1C4F301A-5D01-CE40-08A8-D39C8A70E517}"
EndProject
Project("{FAE04EC0-301F-11D3-BF4B-00C04F79EFBC}") = "Unity.Template.RenderStreaming.Editor", "Unity.Template.RenderStreaming.Editor.csproj", "{F7732BC0-1CD6-2310-338C-74C289D3A0DD}"
EndProject
Project("{FAE04EC0-301F-11D3-BF4B-00C04F79EFBC}") = "Assembly-CSharp-Editor", "Assembly-CSharp-Editor.csproj", "{F6B92ABE-69E8-6F7C-43DA-43D556BF511C}"
EndProject
Global
	GlobalSection(SolutionConfigurationPlatforms) = preSolution
		Debug|Any CPU = Debug|Any CPU
		Release|Any CPU = Release|Any CPU
	EndGlobalSection
	GlobalSection(ProjectConfigurationPlatforms) = postSolution
		{812A704F-B0B3-F5F9-4C49-6340905241CF}.Debug|Any CPU.ActiveCfg = Debug|Any CPU
		{812A704F-B0B3-F5F9-4C49-6340905241CF}.Debug|Any CPU.Build.0 = Debug|Any CPU
		{812A704F-B0B3-F5F9-4C49-6340905241CF}.Release|Any CPU.ActiveCfg = Release|Any CPU
		{812A704F-B0B3-F5F9-4C49-6340905241CF}.Release|Any CPU.Build.0 = Release|Any CPU
		{08DF4C9B-ABBA-0D63-C8D6-A6DC63A45EB3}.Debug|Any CPU.ActiveCfg = Debug|Any CPU
		{08DF4C9B-ABBA-0D63-C8D6-A6DC63A45EB3}.Debug|Any CPU.Build.0 = Debug|Any CPU
		{08DF4C9B-ABBA-0D63-C8D6-A6DC63A45EB3}.Release|Any CPU.ActiveCfg = Release|Any CPU
		{08DF4C9B-ABBA-0D63-C8D6-A6DC63A45EB3}.Release|Any CPU.Build.0 = Release|Any CPU
		{1C4F301A-5D01-CE40-08A8-D39C8A70E517}.Debug|Any CPU.ActiveCfg = Debug|Any CPU
		{1C4F301A-5D01-CE40-08A8-D39C8A70E517}.Debug|Any CPU.Build.0 = Debug|Any CPU
		{1C4F301A-5D01-CE40-08A8-D39C8A70E517}.Release|Any CPU.ActiveCfg = Release|Any CPU
		{1C4F301A-5D01-CE40-08A8-D39C8A70E517}.Release|Any CPU.Build.0 = Release|Any CPU
		{F7732BC0-1CD6-2310-338C-74C289D3A0DD}.Debug|Any CPU.ActiveCfg = Debug|Any CPU
		{F7732BC0-1CD6-2310-338C-74C289D3A0DD}.Debug|Any CPU.Build.0 = Debug|Any CPU
		{F7732BC0-1CD6-2310-338C-74C289D3A0DD}.Release|Any CPU.ActiveCfg = Release|Any CPU
		{F7732BC0-1CD6-2310-338C-74C289D3A0DD}.Release|Any CPU.Build.0 = Release|Any CPU
		{F6B92ABE-69E8-6F7C-43DA-43D556BF511C}.Debug|Any CPU.ActiveCfg = Debug|Any CPU
		{F6B92ABE-69E8-6F7C-43DA-43D556BF511C}.Debug|Any CPU.Build.0 = Debug|Any CPU
		{F6B92ABE-69E8-6F7C-43DA-43D556BF511C}.Release|Any CPU.ActiveCfg = Release|Any CPU
		{F6B92ABE-69E8-6F7C-43DA-43D556BF511C}.Release|Any CPU.Build.0 = Release|Any CPU
	EndGlobalSection
	GlobalSection(SolutionProperties) = preSolution
		HideSolutionNode = FALSE
	EndGlobalSection
	GlobalSection(ExtensibilityGlobals) = postSolution
		SolutionGuid = {F135C6CC-1388-4E3D-95C8-04DD50EF5F50}
	EndGlobalSection
EndGlobal
