
Microsoft Visual Studio Solution File, Format Version 12.00
# Visual Studio 15
Project("{FAE04EC0-301F-11D3-BF4B-00C04F79EFBC}") = "Assembly-CSharp", "Assembly-CSharp.csproj", "{08DF4C9B-ABBA-0D63-C8D6-A6DC63A45EB3}"
EndProject
Project("{FAE04EC0-301F-11D3-BF4B-00C04F79EFBC}") = "PhotonUnityNetworking", "PhotonUnityNetworking.csproj", "{6F1FA738-6B2F-3BCD-F2C7-369C27CB28E0}"
EndProject
Project("{FAE04EC0-301F-11D3-BF4B-00C04F79EFBC}") = "PhotonRealtime", "PhotonRealtime.csproj", "{FFB88845-6ED1-39DE-D64E-4360159A4488}"
EndProject
Project("{FAE04EC0-301F-11D3-BF4B-00C04F79EFBC}") = "PhotonUnityNetworking.Utilities", "PhotonUnityNetworking.Utilities.csproj", "{338B0EF5-FCE4-538E-D6A9-CC07F826C04E}"
EndProject
Project("{FAE04EC0-301F-11D3-BF4B-00C04F79EFBC}") = "PhotonChat", "PhotonChat.csproj", "{1016D6F5-213D-CBA9-7043-EEB6FF422AB4}"
EndProject
Project("{FAE04EC0-301F-11D3-BF4B-00C04F79EFBC}") = "PhotonUnityNetworking.Editor", "PhotonUnityNetworking.Editor.csproj", "{8A6AFBCB-040B-5198-6560-1D6C9101725B}"
EndProject
Project("{FAE04EC0-301F-11D3-BF4B-00C04F79EFBC}") = "PhotonUnityNetworking.Utilities.PhotonPlayer.Editor", "PhotonUnityNetworking.Utilities.PhotonPlayer.Editor.csproj", "{F8F4271E-B63B-113D-976D-09E427331EA9}"
EndProject
Project("{FAE04EC0-301F-11D3-BF4B-00C04F79EFBC}") = "PhotonUnityNetworking.Utilities.Culling.Editor", "PhotonUnityNetworking.Utilities.Culling.Editor.csproj", "{8EDBB242-EF9D-64E7-4A5E-386C5E8A9629}"
EndProject
Global
	GlobalSection(SolutionConfigurationPlatforms) = preSolution
		Debug|Any CPU = Debug|Any CPU
		Release|Any CPU = Release|Any CPU
	EndGlobalSection
	GlobalSection(ProjectConfigurationPlatforms) = postSolution
		{08DF4C9B-ABBA-0D63-C8D6-A6DC63A45EB3}.Debug|Any CPU.ActiveCfg = Debug|Any CPU
		{08DF4C9B-ABBA-0D63-C8D6-A6DC63A45EB3}.Debug|Any CPU.Build.0 = Debug|Any CPU
		{08DF4C9B-ABBA-0D63-C8D6-A6DC63A45EB3}.Release|Any CPU.ActiveCfg = Release|Any CPU
		{08DF4C9B-ABBA-0D63-C8D6-A6DC63A45EB3}.Release|Any CPU.Build.0 = Release|Any CPU
		{6F1FA738-6B2F-3BCD-F2C7-369C27CB28E0}.Debug|Any CPU.ActiveCfg = Debug|Any CPU
		{6F1FA738-6B2F-3BCD-F2C7-369C27CB28E0}.Debug|Any CPU.Build.0 = Debug|Any CPU
		{6F1FA738-6B2F-3BCD-F2C7-369C27CB28E0}.Release|Any CPU.ActiveCfg = Release|Any CPU
		{6F1FA738-6B2F-3BCD-F2C7-369C27CB28E0}.Release|Any CPU.Build.0 = Release|Any CPU
		{FFB88845-6ED1-39DE-D64E-4360159A4488}.Debug|Any CPU.ActiveCfg = Debug|Any CPU
		{FFB88845-6ED1-39DE-D64E-4360159A4488}.Debug|Any CPU.Build.0 = Debug|Any CPU
		{FFB88845-6ED1-39DE-D64E-4360159A4488}.Release|Any CPU.ActiveCfg = Release|Any CPU
		{FFB88845-6ED1-39DE-D64E-4360159A4488}.Release|Any CPU.Build.0 = Release|Any CPU
		{338B0EF5-FCE4-538E-D6A9-CC07F826C04E}.Debug|Any CPU.ActiveCfg = Debug|Any CPU
		{338B0EF5-FCE4-538E-D6A9-CC07F826C04E}.Debug|Any CPU.Build.0 = Debug|Any CPU
		{338B0EF5-FCE4-538E-D6A9-CC07F826C04E}.Release|Any CPU.ActiveCfg = Release|Any CPU
		{338B0EF5-FCE4-538E-D6A9-CC07F826C04E}.Release|Any CPU.Build.0 = Release|Any CPU
		{1016D6F5-213D-CBA9-7043-EEB6FF422AB4}.Debug|Any CPU.ActiveCfg = Debug|Any CPU
		{1016D6F5-213D-CBA9-7043-EEB6FF422AB4}.Debug|Any CPU.Build.0 = Debug|Any CPU
		{1016D6F5-213D-CBA9-7043-EEB6FF422AB4}.Release|Any CPU.ActiveCfg = Release|Any CPU
		{1016D6F5-213D-CBA9-7043-EEB6FF422AB4}.Release|Any CPU.Build.0 = Release|Any CPU
		{8A6AFBCB-040B-5198-6560-1D6C9101725B}.Debug|Any CPU.ActiveCfg = Debug|Any CPU
		{8A6AFBCB-040B-5198-6560-1D6C9101725B}.Debug|Any CPU.Build.0 = Debug|Any CPU
		{8A6AFBCB-040B-5198-6560-1D6C9101725B}.Release|Any CPU.ActiveCfg = Release|Any CPU
		{8A6AFBCB-040B-5198-6560-1D6C9101725B}.Release|Any CPU.Build.0 = Release|Any CPU
		{F8F4271E-B63B-113D-976D-09E427331EA9}.Debug|Any CPU.ActiveCfg = Debug|Any CPU
		{F8F4271E-B63B-113D-976D-09E427331EA9}.Debug|Any CPU.Build.0 = Debug|Any CPU
		{F8F4271E-B63B-113D-976D-09E427331EA9}.Release|Any CPU.ActiveCfg = Release|Any CPU
		{F8F4271E-B63B-113D-976D-09E427331EA9}.Release|Any CPU.Build.0 = Release|Any CPU
		{8EDBB242-EF9D-64E7-4A5E-386C5E8A9629}.Debug|Any CPU.ActiveCfg = Debug|Any CPU
		{8EDBB242-EF9D-64E7-4A5E-386C5E8A9629}.Debug|Any CPU.Build.0 = Debug|Any CPU
		{8EDBB242-EF9D-64E7-4A5E-386C5E8A9629}.Release|Any CPU.ActiveCfg = Release|Any CPU
		{8EDBB242-EF9D-64E7-4A5E-386C5E8A9629}.Release|Any CPU.Build.0 = Release|Any CPU
	EndGlobalSection
	GlobalSection(SolutionProperties) = preSolution
		HideSolutionNode = FALSE
	EndGlobalSection
EndGlobal
